<Solution>
  <Folder Name="/Task0/">
    <Project Path="Tyuiu.KopylskikhVM.Sprint3.Task0.V13.Lib/Tyuiu.KopylskikhVM.Sprint3.Task0.V13.Lib.csproj" />
    <Project Path="Tyuiu.KopylskikhVM.Sprint3.Task0.V13.Test/Tyuiu.KopylskikhVM.Sprint3.Task0.V13.Test.csproj" />
    <Project Path="Tyuiu.KopylskikhVM.Sprint3.Task0.V13/Tyuiu.KopylskikhVM.Sprint3.Task0.V13.csproj" />
  </Folder>
  <Folder Name="/Task1/">
    <Project Path="Tyuiu.KopylskikhVM.Sprint3.Task1.V26.Lib/Tyuiu.KopylskikhVM.Sprint3.Task1.V26.Lib.csproj" />
    <Project Path="Tyuiu.KopylskikhVM.Sprint3.Task1.V26.Test/Tyuiu.KopylskikhVM.Sprint3.Task1.V26.Test.csproj" />
    <Project Path="Tyuiu.KopylskikhVM.Sprint3.Task1.V26/Tyuiu.KopylskikhVM.Sprint3.Task1.V26.csproj" />
  </Folder>
</Solution>
