<Solution>
  <Folder Name="/Task0/">
    <Project Path="Tyuiu.KopylskikhVM.Sprint3.Task0.V13.Lib/Tyuiu.KopylskikhVM.Sprint3.Task0.V13.Lib.csproj" />
    <Project Path="Tyuiu.KopylskikhVM.Sprint3.Task0.V13.Test/Tyuiu.KopylskikhVM.Sprint3.Task0.V13.Test.csproj" />
    <Project Path="Tyuiu.KopylskikhVM.Sprint3.Task0.V13/Tyuiu.KopylskikhVM.Sprint3.Task0.V13.csproj" />
  </Folder>
  <Folder Name="/Task1/">
    <Project Path="Tyuiu.KopylskikhVM.Sprint3.Task1.V26.Lib/Tyuiu.KopylskikhVM.Sprint3.Task1.V26.Lib.csproj" />
    <Project Path="Tyuiu.KopylskikhVM.Sprint3.Task1.V26.Test/Tyuiu.KopylskikhVM.Sprint3.Task1.V26.Test.csproj" />
    <Project Path="Tyuiu.KopylskikhVM.Sprint3.Task1.V26/Tyuiu.KopylskikhVM.Sprint3.Task1.V26.csproj" />
  </Folder>
  <Folder Name="/Task2/">
    <Project Path="Tyuiu.KopylskikhVM.Sprint3.Task2.V14.Lib/Tyuiu.KopylskikhVM.Sprint3.Task2.V14.Lib.csproj" />
    <Project Path="Tyuiu.KopylskikhVM.Sprint3.Task2.V14.Test/Tyuiu.KopylskikhVM.Sprint3.Task2.V14.Test.csproj" />
    <Project Path="Tyuiu.KopylskikhVM.Sprint3.Task2.V14/Tyuiu.KopylskikhVM.Sprint3.Task2.V14.csproj" />
  </Folder>
  <Folder Name="/Task3/">
    <Project Path="Tyuiu.KopylskikhVM.Sprint3.Task3.V23.Lib/Tyuiu.KopylskikhVM.Sprint3.Task3.V23.Lib.csproj" Id="1e42be30-2172-4e00-af87-a4c1418a64f5" />
    <Project Path="Tyuiu.KopylskikhVM.Sprint3.Task3.V23.Test/Tyuiu.KopylskikhVM.Sprint3.Task3.V23.Test.csproj" Id="a4cf306e-e7b0-4768-a774-eaf3ec65211d" />
    <Project Path="Tyuiu.KopylskikhVM.Sprint3.Task3.V23/Tyuiu.KopylskikhVM.Sprint3.Task3.V23.csproj" Id="f3df384f-f898-4309-904c-582847325d25" />
  </Folder>
  <Folder Name="/Task4/">
    <Project Path="Tyuiu.KopylskikhVM.Sprint3.Task4.V13.Lib/Tyuiu.KopylskikhVM.Sprint3.Task4.V13.Lib.csproj" Id="118a94b9-274c-4eb2-b5f7-49d27ff6008d" />
    <Project Path="Tyuiu.KopylskikhVM.Sprint3.Task4.V13.Test/Tyuiu.KopylskikhVM.Sprint3.Task4.V13.Test.csproj" Id="4f838d65-6f12-45dc-986b-1c468b2a239f" />
    <Project Path="Tyuiu.KopylskikhVM.Sprint3.Task4.V13/Tyuiu.KopylskikhVM.Sprint3.Task4.V13.csproj" Id="211ef583-dcd6-4935-b69d-2b02446805cd" />
  </Folder>
  <Folder Name="/Task5/">
    <Project Path="Tyuiu.KopylskikhVM.Sprint3.Task5.V18.Lib/Tyuiu.KopylskikhVM.Sprint3.Task5.V18.Lib.csproj" Id="b2114aa1-51ea-4cfb-beeb-b1c12169cf08" />
    <Project Path="Tyuiu.KopylskikhVM.Sprint3.Task5.V18.Test/Tyuiu.KopylskikhVM.Sprint3.Task5.V18.Test.csproj" Id="2f5b308e-5653-4327-ad3f-58a72792b1c1" />
    <Project Path="Tyuiu.KopylskikhVM.Sprint3.Task5.V18/Tyuiu.KopylskikhVM.Sprint3.Task5.V18.csproj" Id="e35976e1-ae3b-405c-856e-4f9736db524c" />
  </Folder>
  <Folder Name="/Task6/">
    <Project Path="Tyuiu.KopylskikhVM.Sprint3.Task6.V28.Lib/Tyuiu.KopylskikhVM.Sprint3.Task6.V28.Lib.csproj" Id="08ba12a6-38b9-4f81-b694-04756bf5fb6c" />
    <Project Path="Tyuiu.KopylskikhVM.Sprint3.Task6.V28.Test/Tyuiu.KopylskikhVM.Sprint3.Task6.V28.Test.csproj" Id="5f03bfac-c3ee-4247-b281-78657bc6d5ea" />
    <Project Path="Tyuiu.KopylskikhVM.Sprint3.Task6.V28/Tyuiu.KopylskikhVM.Sprint3.Task6.V28.csproj" Id="cc33fe5c-1221-4c2a-b042-d18b260d9392" />
  </Folder>
</Solution>
